
Microsoft Visual Studio Solution File, Format Version 12.00
# Visual Studio Version 17
VisualStudioVersion = 17.3.32922.545
MinimumVisualStudioVersion = 10.0.40219.1
Project("{FAE04EC0-301F-11D3-BF4B-00C04F79EFBC}") = "CatApp", "CatApp\CatApp.csproj", "{BC9C704C-CF93-4390-AA52-488E947865A9}"
EndProject
Project("{FAE04EC0-301F-11D3-BF4B-00C04F79EFBC}") = "CatCore", "CatCore\CatCore.csproj", "{2E59AE0B-FE05-4B87-AC3A-42A117E17634}"
EndProject
Project("{FAE04EC0-301F-11D3-BF4B-00C04F79EFBC}") = "CatShelter", "CatShelter\CatShelter.csproj", "{95295DCF-7A49-461F-809A-1DAB7B4EA3E3}"
EndProject
Global
	GlobalSection(SolutionConfigurationPlatforms) = preSolution
		Debug|Any CPU = Debug|Any CPU
		Release|Any CPU = Release|Any CPU
	EndGlobalSection
	GlobalSection(ProjectConfigurationPlatforms) = postSolution
		{BC9C704C-CF93-4390-AA52-488E947865A9}.Debug|Any CPU.ActiveCfg = Debug|Any CPU
		{BC9C704C-CF93-4390-AA52-488E947865A9}.Debug|Any CPU.Build.0 = Debug|Any CPU
		{BC9C704C-CF93-4390-AA52-488E947865A9}.Release|Any CPU.ActiveCfg = Release|Any CPU
		{BC9C704C-CF93-4390-AA52-488E947865A9}.Release|Any CPU.Build.0 = Release|Any CPU
		{2E59AE0B-FE05-4B87-AC3A-42A117E17634}.Debug|Any CPU.ActiveCfg = Debug|Any CPU
		{2E59AE0B-FE05-4B87-AC3A-42A117E17634}.Debug|Any CPU.Build.0 = Debug|Any CPU
		{2E59AE0B-FE05-4B87-AC3A-42A117E17634}.Release|Any CPU.ActiveCfg = Release|Any CPU
		{2E59AE0B-FE05-4B87-AC3A-42A117E17634}.Release|Any CPU.Build.0 = Release|Any CPU
		{95295DCF-7A49-461F-809A-1DAB7B4EA3E3}.Debug|Any CPU.ActiveCfg = Debug|Any CPU
		{95295DCF-7A49-461F-809A-1DAB7B4EA3E3}.Debug|Any CPU.Build.0 = Debug|Any CPU
		{95295DCF-7A49-461F-809A-1DAB7B4EA3E3}.Release|Any CPU.ActiveCfg = Release|Any CPU
		{95295DCF-7A49-461F-809A-1DAB7B4EA3E3}.Release|Any CPU.Build.0 = Release|Any CPU
	EndGlobalSection
	GlobalSection(SolutionProperties) = preSolution
		HideSolutionNode = FALSE
	EndGlobalSection
	GlobalSection(ExtensibilityGlobals) = postSolution
		SolutionGuid = {2C661B32-229E-4188-9952-01CFA7C00384}
	EndGlobalSection
EndGlobal
